# This file is autogenerated, do not edit; changes may be undone by the next 'dep ensure'.


[[projects]]
  digest = "1:b5f28f7eda54d2695765c778c951a2ace52c06afb7da1f7e0c7485baa5b02100"
  name = "github.com/beevik/etree"
  packages = ["."]
  pruneopts = ""
  revision = "9d7e8feddccb4ed1b8afb54e368bd323d2ff652c"
  version = "v1.0.1"

[[projects]]
  digest = "1:9266e031a5977527595a04e4e5d44edef92f384e04f29eebbd77be3c09c78918"
  name = "github.com/davecgh/go-spew"
  packages = ["spew"]
  pruneopts = ""
  revision = "8991bc29aa16c548c550c7ff78260e27b9ab7c73"
  version = "v1.1.1"

[[projects]]
  digest = "1:aaeffbff5bd24654cb4c190ed75d6c7b57b4f5d6741914c1a7a6bb7447e756c5"
  name = "github.com/deckarep/golang-set"
  packages = ["."]
  pruneopts = ""
  revision = "cbaa98ba5575e67703b32b4b19f73c91f3c4159e"
  version = "v1.7.1"

[[projects]]
  digest = "1:b13707423743d41665fd23f0c36b2f37bb49c30e94adb813319c44188a51ba22"
  name = "github.com/ghodss/yaml"
  packages = ["."]
  pruneopts = ""
  revision = "0ca9ea5df5451ffdf184b4428c902747c2c11cd7"
  version = "v1.0.0"

[[projects]]
  digest = "1:a25a2c5ae694b01713fb6cd03c3b1ac1ccc1902b9f0a922680a88ec254f968e1"
  name = "github.com/google/uuid"
  packages = ["."]
  pruneopts = ""
  revision = "9b3b1e0f5f99ae461456d768e7d301a7acdaa2d8"
  version = "v1.1.0"

[[projects]]
  digest = "1:dbbeb8ddb0be949954c8157ee8439c2adfd8dc1c9510eb44a6e58cb68c3dce28"
  name = "github.com/gorilla/context"
  packages = ["."]
  pruneopts = ""
  revision = "08b5f424b9271eedf6f9f0ce86cb9396ed337a42"
  version = "v1.1.1"

[[projects]]
  digest = "1:c2c8666b4836c81a1d247bdf21c6a6fc1ab586538ab56f74437c2e0df5c375e1"
  name = "github.com/gorilla/mux"
  packages = ["."]
  pruneopts = ""
  revision = "e3702bed27f0d39777b0b37b664b6280e8ef8fbf"
  version = "v1.6.2"

[[projects]]
  digest = "1:931918d317d0d14209ed668ec42f0e14a58bf0ebb704d1a5ba2e2a709a5d72c4"
  name = "github.com/jinzhu/gorm"
  packages = [
    ".",
    "dialects/sqlite",
  ]
  pruneopts = ""
  revision = "472c70caa40267cb89fd8facb07fe6454b578626"
  version = "v1.9.2"

[[projects]]
  branch = "master"
  digest = "1:d9a7385b84d8187fd94e0357045c6fa1147ca94caa56fdd539336c7c102fc728"
  name = "github.com/jinzhu/inflection"
  packages = ["."]
  pruneopts = ""
  revision = "04140366298a54a039076d798123ffa108fff46c"

[[projects]]
  digest = "1:6a874e3ddfb9db2b42bd8c85b6875407c702fa868eed20634ff489bc896ccfd3"
  name = "github.com/konsorten/go-windows-terminal-sequences"
  packages = ["."]
  pruneopts = ""
  revision = "5c8c8bd35d3832f5d134ae1e1e375b69a4d25242"
  version = "v1.0.1"

[[projects]]
  digest = "1:d193259afa0a0d6a1d848e1b5afed75578abeca790dff373b2edaea55d27e3ab"
  name = "github.com/mattn/go-sqlite3"
  packages = ["."]
  pruneopts = ""
  revision = "c7c4067b79cc51e6dfdcef5c702e74b1e0fa7c75"
  version = "v1.10.0"

[[projects]]
  digest = "1:256484dbbcd271f9ecebc6795b2df8cad4c458dd0f5fd82a8c2fa0c29f233411"
  name = "github.com/pmezard/go-difflib"
  packages = ["difflib"]
  pruneopts = ""
  revision = "792786c7400a136282c1664665ae0a8db921c6c2"
  version = "v1.0.0"

[[projects]]
  branch = "master"
  digest = "1:9168791f83219229998b2b232e3cb7be36f022d2d64cb1b961976355c24a3d9a"
  name = "github.com/rendon/testcli"
  packages = ["."]
  pruneopts = ""
  revision = "6283090d169f51a2410b4e260341a01c9a4c0ca7"

[[projects]]
  digest = "1:463cf5034cda51cdb4ce56d317c1c1343be898c2bb5e576666394d53f4ba28cd"
  name = "github.com/rifflock/lfshook"
  packages = ["."]
  pruneopts = ""
  revision = "b9218ef580f59a2e72dad1aa33d660150445d05a"
  version = "v2.4"

[[projects]]
  digest = "1:1e319e1c4956cb0c77fa05bbf4f3ea158fcfa58c9d820dcf466de190fe8f346f"
  name = "github.com/sirupsen/logrus"
  packages = ["."]
  pruneopts = ""
  revision = "bcd833dfe83d3cebad139e4a29ed79cb2318bf95"
  version = "v1.2.0"

[[projects]]
  digest = "1:bc2a12c8863e1080226b7bc69192efd6c37aaa9b85cec508b0a8f54fabb9bd9f"
  name = "github.com/stretchr/testify"
  packages = ["assert"]
  pruneopts = ""
  revision = "f35b8ab0b5a2cef36673838d662e249dd9c94686"
  version = "v1.2.2"

[[projects]]
  branch = "master"
  digest = "1:d634208dc169fc001dd55db9fb7601c09ed2f8ef96e229a5ba58ec89762cc842"
  name = "github.com/svatantra/go-netconf"
  packages = ["netconf"]
  pruneopts = ""
  revision = "30f2f33f36c37e6ded7e2f583653cf63268d5b00"

[[projects]]
  branch = "master"
  digest = "1:7639d0a946ea84e59435455c286e593ca1d6e99825efd3d8665f1e33f6dd3b3f"
  name = "github.com/ziutek/telnet"
  packages = ["."]
  pruneopts = ""
  revision = "c3b780dc415b28894076b4ec975ea3ea69e3980f"

[[projects]]
  branch = "master"
  digest = "1:9df801ded2f5a2c8cb8fbd075fad681e4c7424a6dfaff184af73608a5cf3f513"
  name = "golang.org/x/crypto"
  packages = [
    "curve25519",
    "ed25519",
    "ed25519/internal/edwards25519",
    "internal/chacha20",
    "internal/subtle",
    "poly1305",
    "ssh",
    "ssh/agent",
    "ssh/terminal",
  ]
  pruneopts = ""
  revision = "505ab145d0a99da450461ae2c1a9f6cd10d1f447"

[[projects]]
  branch = "master"
  digest = "1:3db5d87b98184d98c9ad98c7ae60a924a604f40898ed01e0723e6b811497d3f6"
  name = "golang.org/x/sys"
  packages = [
    "unix",
    "windows",
  ]
  pruneopts = ""
  revision = "9a3f9b0469bbc6b8802087ae5c0af9f61502de01"

[[projects]]
  digest = "1:11c58e19ff7ce22740423bb933f1ddca3bf575def40d5ac3437ec12871b1648b"
  name = "gopkg.in/natefinch/lumberjack.v2"
  packages = ["."]
  pruneopts = ""
  revision = "a96e63847dc3c67d17befa69c303767e2f84e54f"
  version = "v2.1"

[[projects]]
  digest = "1:cedccf16b71e86db87a24f8d4c70b0a855872eb967cb906a66b95de56aefbd0d"
  name = "gopkg.in/yaml.v2"
  packages = ["."]
  pruneopts = ""
  revision = "51d6538a90f86fe93ac480b35f37b2be17fef232"
  version = "v2.2.2"

[solve-meta]
  analyzer-name = "dep"
  analyzer-version = 1
  input-imports = [
    "github.com/beevik/etree",
    "github.com/deckarep/golang-set",
    "github.com/ghodss/yaml",
    "github.com/google/uuid",
    "github.com/gorilla/mux",
    "github.com/jinzhu/gorm",
    "github.com/jinzhu/gorm/dialects/sqlite",
    "github.com/rendon/testcli",
    "github.com/rifflock/lfshook",
    "github.com/sirupsen/logrus",
    "github.com/stretchr/testify/assert",
    "github.com/svatantra/go-netconf/netconf",
    "golang.org/x/crypto/ssh",
    "gopkg.in/natefinch/lumberjack.v2",
  ]
  solver-name = "gps-cdcl"
  solver-version = 1
